
Microsoft Visual Studio Solution File, Format Version 12.00
# Visual Studio 15
VisualStudioVersion = 15.0.28307.852
MinimumVisualStudioVersion = 10.0.40219.1
Project("{FAE04EC0-301F-11D3-BF4B-00C04F79EFBC}") = "StagingNew", "StagingNew\StagingNew.csproj", "{C81F33E1-8DEF-4BE9-98EA-56678F7DE891}"
EndProject
Global
	GlobalSection(SolutionConfigurationPlatforms) = preSolution
		Debug|Any CPU = Debug|Any CPU
		Release|Any CPU = Release|Any CPU
	EndGlobalSection
	GlobalSection(ProjectConfigurationPlatforms) = postSolution
		{C81F33E1-8DEF-4BE9-98EA-56678F7DE891}.Debug|Any CPU.ActiveCfg = Debug|Any CPU
		{C81F33E1-8DEF-4BE9-98EA-56678F7DE891}.Debug|Any CPU.Build.0 = Debug|Any CPU
		{C81F33E1-8DEF-4BE9-98EA-56678F7DE891}.Release|Any CPU.ActiveCfg = Release|Any CPU
		{C81F33E1-8DEF-4BE9-98EA-56678F7DE891}.Release|Any CPU.Build.0 = Release|Any CPU
	EndGlobalSection
	GlobalSection(SolutionProperties) = preSolution
		HideSolutionNode = FALSE
	EndGlobalSection
	GlobalSection(ExtensibilityGlobals) = postSolution
		SolutionGuid = {FADF2218-2004-4229-A0BF-C98B952678DF}
	EndGlobalSection
EndGlobal
